{
  "pins" : [
    {
      "identity" : "client-sdk-swift",
      "kind" : "remoteSourceControl",
      "location" : "https://github.com/livekit/client-sdk-swift",
      "state" : {
        "revision" : "367d95fc9a16bab88c3ec73e019726f4608b2c18",
        "version" : "2.0.11"
      }
    },
    {
      "identity" : "cloudinary_ios",
      "kind" : "remoteSourceControl",
      "location" : "https://github.com/cloudinary/cloudinary_ios",
      "state" : {
        "revision" : "b4daed17183f45a1ef3045983ee8255dc1979122",
        "version" : "5.0.0"
      }
    },
    {
      "identity" : "cocoamqtt",
      "kind" : "remoteSourceControl",
      "location" : "https://github.com/emqx/CocoaMQTT",
      "state" : {
        "revision" : "aff43422925cc30b9af319f4c4dce4f52859baf4",
        "version" : "2.1.8"
      }
    },
    {
      "identity" : "kingfisher",
      "kind" : "remoteSourceControl",
      "location" : "https://github.com/onevcat/Kingfisher",
      "state" : {
        "revision" : "2ef543ee21d63734e1c004ad6c870255e8716c50",
        "version" : "7.12.0"
      }
    },
    {
      "identity" : "lottie-ios",
      "kind" : "remoteSourceControl",
      "location" : "https://github.com/airbnb/lottie-ios",
      "state" : {
        "revision" : "769b88d83a42ca8d5572b020c96f47e3690b3796",
        "version" : "4.4.3"
      }
    },
    {
      "identity" : "mbprogresshud",
      "kind" : "remoteSourceControl",
      "location" : "https://github.com/jdg/MBProgressHUD",
      "state" : {
        "revision" : "bca42b801100b2b3a4eda0ba8dd33d858c780b0d",
        "version" : "1.2.0"
      }
    },
    {
      "identity" : "mqttcocoaasyncsocket",
      "kind" : "remoteSourceControl",
      "location" : "https://github.com/leeway1208/MqttCocoaAsyncSocket",
      "state" : {
        "revision" : "ce3e18607fd01079495f86ff6195d8a3ca469f73",
        "version" : "1.0.8"
      }
    },
    {
      "identity" : "netfox",
      "kind" : "remoteSourceControl",
      "location" : "https://github.com/kasketis/netfox",
      "state" : {
        "revision" : "557576032736fd3140422baefb68b8f76c55088f",
        "version" : "1.21.0"
      }
    },
    {
      "identity" : "starscream",
      "kind" : "remoteSourceControl",
      "location" : "https://github.com/daltoniam/Starscream.git",
      "state" : {
        "revision" : "c6bfd1af48efcc9a9ad203665db12375ba6b145a",
        "version" : "4.0.8"
      }
    },
    {
      "identity" : "swift-log",
      "kind" : "remoteSourceControl",
      "location" : "https://github.com/apple/swift-log.git",
      "state" : {
        "revision" : "9cb486020ebf03bfa5b5df985387a14a98744537",
        "version" : "1.6.1"
      }
    },
    {
      "identity" : "swift-protobuf",
      "kind" : "remoteSourceControl",
      "location" : "https://github.com/apple/swift-protobuf.git",
      "state" : {
        "revision" : "9f0c76544701845ad98716f3f6a774a892152bcb",
        "version" : "1.26.0"
      }
    },
    {
      "identity" : "swiftyjson",
      "kind" : "remoteSourceControl",
      "location" : "https://github.com/SwiftyJSON/SwiftyJSON",
      "state" : {
        "revision" : "af76cf3ef710b6ca5f8c05f3a31307d44a3c5828",
        "version" : "5.0.2"
      }
    },
    {
      "identity" : "toast-swift",
      "kind" : "remoteSourceControl",
      "location" : "https://github.com/scalessec/Toast-Swift",
      "state" : {
        "revision" : "ddccd20d6fb718448d9b179c454c561653fda7d5",
        "version" : "5.1.1"
      }
    },
    {
      "identity" : "webrtc-xcframework",
      "kind" : "remoteSourceControl",
      "location" : "https://github.com/livekit/webrtc-xcframework.git",
      "state" : {
        "revision" : "5640582dbac33b193608574d4aa2a8d5d825db74",
        "version" : "125.6422.2"
      }
    }
  ],
  "version" : 2
}
